# THIS IS AN AUTOGENERATED FILE. DO NOT EDIT THIS FILE DIRECTLY.
# yarn lockfile v1


chance@^1.0.18:
  version "1.0.18"
  resolved "https://registry.npmjs.org/chance/-/chance-1.0.18.tgz#79788fe6fca4c338bf404321c347eecc80f969ee"
  integrity sha512-g9YLQVHVZS/3F+zIicfB58vjcxopvYQRp7xHzvyDFDhXH1aRZI/JhwSAO0X5qYiQluoGnaNAU6wByD2KTxJN1A==
